// !$*UTF8*$!
{
	archiveVersion = 1;
	classes = {
	};
	objectVersion = 46;
	objects = {

/* Begin PBXBuildFile section */
		6085BCE71BBDAABC0068DFB1 /* main.cpp in Sources */ = {isa = PBXBuildFile; fileRef = 6085BCE61BBDAABC0068DFB1 /* main.cpp */; };
/* End PBXBuildFile section */

/* Begin PBXCopyFilesBuildPhase section */
		6085BCE11BBDAABC0068DFB1 /* CopyFiles */ = {
			isa = PBXCopyFilesBuildPhase;
			buildActionMask = 2147483647;
			dstPath = /usr/share/man/man1/;
			dstSubfolderSpec = 0;
			files = (
			);
			runOnlyForDeploymentPostprocessing = 1;
		};
/* End PBXCopyFilesBuildPhase section */

/* Begin PBXFileReference section */
		6085BCE31BBDAABC0068DFB1 /* joseph-chatbot */ = {isa = PBXFileReference; explicitFileType = "compiled.mach-o.executable"; includeInIndex = 0; path = "joseph-chatbot"; sourceTree = BUILT_PRODUCTS_DIR; };
		6085BCE61BBDAABC0068DFB1 /* main.cpp */ = {isa = PBXFileReference; lastKnownFileType = sourcecode.cpp.cpp; path = main.cpp; sourceTree = "<group>"; };
/* End PBXFileReference section */

/* Begin PBXFrameworksBuildPhase section */
		6085BCE01BBDAABC0068DFB1 /* Frameworks */ = {
			isa = PBXFrameworksBuildPhase;
			buildActionMask = 2147483647;
			files = (
			);
			runOnlyForDeploymentPostprocessing = 0;
		};
/* End PBXFrameworksBuildPhase section */

/* Begin PBXGroup section */
		6085BCDA1BBDAABC0068DFB1 = {
			isa = PBXGroup;
			children = (
				6085BCE51BBDAABC0068DFB1 /* joseph-chatbot */,
				6085BCE41BBDAABC0068DFB1 /* Products */,
			);
			sourceTree = "<group>";
		};
		6085BCE41BBDAABC0068DFB1 /* Products */ = {
			isa = PBXGroup;
			children = (
				6085BCE31BBDAABC0068DFB1 /* joseph-chatbot */,
			);
			name = Products;
			sourceTree = "<group>";
		};
		6085BCE51BBDAABC0068DFB1 /* joseph-chatbot */ = {
			isa = PBXGroup;
			children = (
				6085BCE61BBDAABC0068DFB1 /* main.cpp */,
			);
			path = "joseph-chatbot";
			sourceTree = "<group>";
		};
/* End PBXGroup section */

/* Begin PBXNativeTarget section */
		6085BCE21BBDAABC0068DFB1 /* joseph-chatbot */ = {
			isa = PBXNativeTarget;
			buildConfigurationList = 6085BCEA1BBDAABC0068DFB1 /* Build configuration list for PBXNativeTarget "joseph-chatbot" */;
			buildPhases = (
				6085BCDF1BBDAABC0068DFB1 /* Sources */,
				6085BCE01BBDAABC0068DFB1 /* Frameworks */,
				6085BCE11BBDAABC0068DFB1 /* CopyFiles */,
			);
			buildRules = (
			);
			dependencies = (
			);
			name = "joseph-chatbot";
			productName = "joseph-chatbot";
			productReference = 6085BCE31BBDAABC0068DFB1 /* joseph-chatbot */;
			productType = "com.apple.product-type.tool";
		};
/* End PBXNativeTarget section */

/* Begin PBXProject section */
		6085BCDB1BBDAABC0068DFB1 /* Project object */ = {
			isa = PBXProject;
			attributes = {
				LastUpgradeCheck = 0700;
				ORGANIZATIONNAME = imann24;
				TargetAttributes = {
					6085BCE21BBDAABC0068DFB1 = {
						CreatedOnToolsVersion = 7.0.1;
					};
				};
			};
			buildConfigurationList = 6085BCDE1BBDAABC0068DFB1 /* Build configuration list for PBXProject "joseph-chatbot" */;
			compatibilityVersion = "Xcode 3.2";
			developmentRegion = English;
			hasScannedForEncodings = 0;
			knownRegions = (
				en,
			);
			mainGroup = 6085BCDA1BBDAABC0068DFB1;
			productRefGroup = 6085BCE41BBDAABC0068DFB1 /* Products */;
			projectDirPath = "";
			projectRoot = "";
			targets = (
				6085BCE21BBDAABC0068DFB1 /* joseph-chatbot */,
			);
		};
/* End PBXProject section */

/* Begin PBXSourcesBuildPhase section */
		6085BCDF1BBDAABC0068DFB1 /* Sources */ = {
			isa = PBXSourcesBuildPhase;
			buildActionMask = 2147483647;
			files = (
				6085BCE71BBDAABC0068DFB1 /* main.cpp in Sources */,
			);
			runOnlyForDeploymentPostprocessing = 0;
		};
/* End PBXSourcesBuildPhase section */

/* Begin XCBuildConfiguration section */
		6085BCE81BBDAABC0068DFB1 /* Debug */ = {
			isa = XCBuildConfiguration;
			buildSettings = {
				ALWAYS_SEARCH_USER_PATHS = NO;
				CLANG_CXX_LANGUAGE_STANDARD = "gnu++0x";
				CLANG_CXX_LIBRARY = "libc++";
				CLANG_ENABLE_MODULES = YES;
				CLANG_ENABLE_OBJC_ARC = YES;
				CLANG_WARN_BOOL_CONVERSION = YES;
				CLANG_WARN_CONSTANT_CONVERSION = YES;
				CLANG_WARN_DIRECT_OBJC_ISA_USAGE = YES_ERROR;
				CLANG_WARN_EMPTY_BODY = YES;
				CLANG_WARN_ENUM_CONVERSION = YES;
				CLANG_WARN_INT_CONVERSION = YES;
				CLANG_WARN_OBJC_ROOT_CLASS = YES_ERROR;
				CLANG_WARN_UNREACHABLE_CODE = YES;
				CLANG_WARN__DUPLICATE_METHOD_MATCH = YES;
				COPY_PHASE_STRIP = NO;
				DEBUG_INFORMATION_FORMAT = dwarf;
				ENABLE_STRICT_OBJC_MSGSEND = YES;
				ENABLE_TESTABILITY = YES;
				GCC_C_LANGUAGE_STANDARD = gnu99;
				GCC_DYNAMIC_NO_PIC = NO;
				GCC_NO_COMMON_BLOCKS = YES;
				GCC_OPTIMIZATION_LEVEL = 0;
				GCC_PREPROCESSOR_DEFINITIONS = (
					"DEBUG=1",
					"$(inherited)",
				);
				GCC_WARN_64_TO_32_BIT_CONVERSION = YES;
				GCC_WARN_ABOUT_RETURN_TYPE = YES_ERROR;
				GCC_WARN_UNDECLARED_SELECTOR = YES;
				GCC_WARN_UNINITIALIZED_AUTOS = YES_AGGRESSIVE;
				GCC_WARN_UNUSED_FUNCTION = YES;
				GCC_WARN_UNUSED_VARIABLE = YES;
				MACOSX_DEPLOYMENT_TARGET = 10.10;
				MTL_ENABLE_DEBUG_INFO = YES;
				ONLY_ACTIVE_ARCH = YES;
				SDKROOT = macosx;
			};
			name = Debug;
		};
		6085BCE91BBDAABC0068DFB1 /* Release */ = {
			isa = XCBuildConfiguration;
			buildSettings = {
				ALWAYS_SEARCH_USER_PATHS = NO;
				CLANG_CXX_LANGUAGE_STANDARD = "gnu++0x";
				CLANG_CXX_LIBRARY = "libc++";
				CLANG_ENABLE_MODULES = YES;
				CLANG_ENABLE_OBJC_ARC = YES;
				CLANG_WARN_BOOL_CONVERSION = YES;
				CLANG_WARN_CONSTANT_CONVERSION = YES;
				CLANG_WARN_DIRECT_OBJC_ISA_USAGE = YES_ERROR;
				CLANG_WARN_EMPTY_BODY = YES;
				CLANG_WARN_ENUM_CONVERSION = YES;
				CLANG_WARN_INT_CONVERSION = YES;
				CLANG_WARN_OBJC_ROOT_CLASS = YES_ERROR;
				CLANG_WARN_UNREACHABLE_CODE = YES;
				CLANG_WARN__DUPLICATE_METHOD_MATCH = YES;
				COPY_PHASE_STRIP = NO;
				DEBUG_INFORMATION_FORMAT = "dwarf-with-dsym";
				ENABLE_NS_ASSERTIONS = NO;
				ENABLE_STRICT_OBJC_MSGSEND = YES;
				GCC_C_LANGUAGE_STANDARD = gnu99;
				GCC_NO_COMMON_BLOCKS = YES;
				GCC_WARN_64_TO_32_BIT_CONVERSION = YES;
				GCC_WARN_ABOUT_RETURN_TYPE = YES_ERROR;
				GCC_WARN_UNDECLARED_SELECTOR = YES;
				GCC_WARN_UNINITIALIZED_AUTOS = YES_AGGRESSIVE;
				GCC_WARN_UNUSED_FUNCTION = YES;
				GCC_WARN_UNUSED_VARIABLE = YES;
				MACOSX_DEPLOYMENT_TARGET = 10.10;
				MTL_ENABLE_DEBUG_INFO = NO;
				SDKROOT = macosx;
			};
			name = Release;
		};
		6085BCEB1BBDAABC0068DFB1 /* Debug */ = {
			isa = XCBuildConfiguration;
			buildSettings = {
				PRODUCT_NAME = "$(TARGET_NAME)";
			};
			name = Debug;
		};
		6085BCEC1BBDAABC0068DFB1 /* Release */ = {
			isa = XCBuildConfiguration;
			buildSettings = {
				PRODUCT_NAME = "$(TARGET_NAME)";
			};
			name = Release;
		};
/* End XCBuildConfiguration section */

/* Begin XCConfigurationList section */
		6085BCDE1BBDAABC0068DFB1 /* Build configuration list for PBXProject "joseph-chatbot" */ = {
			isa = XCConfigurationList;
			buildConfigurations = (
				6085BCE81BBDAABC0068DFB1 /* Debug */,
				6085BCE91BBDAABC0068DFB1 /* Release */,
			);
			defaultConfigurationIsVisible = 0;
			defaultConfigurationName = Release;
		};
		6085BCEA1BBDAABC0068DFB1 /* Build configuration list for PBXNativeTarget "joseph-chatbot" */ = {
			isa = XCConfigurationList;
			buildConfigurations = (
				6085BCEB1BBDAABC0068DFB1 /* Debug */,
				6085BCEC1BBDAABC0068DFB1 /* Release */,
			);
			defaultConfigurationIsVisible = 0;
		};
/* End XCConfigurationList section */
	};
	rootObject = 6085BCDB1BBDAABC0068DFB1 /* Project object */;
}
